
Microsoft Visual Studio Solution File, Format Version 12.00
# Visual Studio Version 16
VisualStudioVersion = 16.0.28516.95
MinimumVisualStudioVersion = 10.0.40219.1
Project("{9A19103F-16F7-4668-BE54-9A1E7A4F7556}") = "Wrap", "Wrap\Wrap.csproj", "{DE59D180-C7F0-4DD6-B869-41B70E630EC0}"
EndProject
Project("{9A19103F-16F7-4668-BE54-9A1E7A4F7556}") = "Present.CodeGeneration", "Present.CodeGeneration\Present.CodeGeneration.csproj", "{A09D7AD6-E001-47F9-9172-A6BF4F3441B9}"
EndProject
Global
	GlobalSection(SolutionConfigurationPlatforms) = preSolution
		Debug|Any CPU = Debug|Any CPU
		Release|Any CPU = Release|Any CPU
	EndGlobalSection
	GlobalSection(ProjectConfigurationPlatforms) = postSolution
		{DE59D180-C7F0-4DD6-B869-41B70E630EC0}.Debug|Any CPU.ActiveCfg = Debug|Any CPU
		{DE59D180-C7F0-4DD6-B869-41B70E630EC0}.Debug|Any CPU.Build.0 = Debug|Any CPU
		{DE59D180-C7F0-4DD6-B869-41B70E630EC0}.Release|Any CPU.ActiveCfg = Release|Any CPU
		{DE59D180-C7F0-4DD6-B869-41B70E630EC0}.Release|Any CPU.Build.0 = Release|Any CPU
		{A09D7AD6-E001-47F9-9172-A6BF4F3441B9}.Debug|Any CPU.ActiveCfg = Debug|Any CPU
		{A09D7AD6-E001-47F9-9172-A6BF4F3441B9}.Debug|Any CPU.Build.0 = Debug|Any CPU
		{A09D7AD6-E001-47F9-9172-A6BF4F3441B9}.Release|Any CPU.ActiveCfg = Release|Any CPU
		{A09D7AD6-E001-47F9-9172-A6BF4F3441B9}.Release|Any CPU.Build.0 = Release|Any CPU
	EndGlobalSection
	GlobalSection(SolutionProperties) = preSolution
		HideSolutionNode = FALSE
	EndGlobalSection
	GlobalSection(ExtensibilityGlobals) = postSolution
		SolutionGuid = {4FB7AFDB-BD9D-422B-B802-5DCD5B620B31}
	EndGlobalSection
EndGlobal
